
Microsoft Visual Studio Solution File, Format Version 12.00
# Visual Studio Version 17
VisualStudioVersion = 17.9.34728.123
MinimumVisualStudioVersion = 10.0.40219.1
Project("{FAE04EC0-301F-11D3-BF4B-00C04F79EFBC}") = "DocumentPacker", "DocumentPacker\DocumentPacker.csproj", "{5EDA768B-D9BE-42E5-8E7C-23846954494F}"
EndProject
Project("{FAE04EC0-301F-11D3-BF4B-00C04F79EFBC}") = "DocumentPacker.Tests", "DocumentPacker.Tests\DocumentPacker.Tests.csproj", "{02DEBD04-6DFA-4D1E-86DD-26DEE31ED7D9}"
EndProject
Global
	GlobalSection(SolutionConfigurationPlatforms) = preSolution
		Debug|Any CPU = Debug|Any CPU
		Release|Any CPU = Release|Any CPU
	EndGlobalSection
	GlobalSection(ProjectConfigurationPlatforms) = postSolution
		{5EDA768B-D9BE-42E5-8E7C-23846954494F}.Debug|Any CPU.ActiveCfg = Debug|Any CPU
		{5EDA768B-D9BE-42E5-8E7C-23846954494F}.Debug|Any CPU.Build.0 = Debug|Any CPU
		{5EDA768B-D9BE-42E5-8E7C-23846954494F}.Release|Any CPU.ActiveCfg = Release|Any CPU
		{5EDA768B-D9BE-42E5-8E7C-23846954494F}.Release|Any CPU.Build.0 = Release|Any CPU
		{02DEBD04-6DFA-4D1E-86DD-26DEE31ED7D9}.Debug|Any CPU.ActiveCfg = Debug|Any CPU
		{02DEBD04-6DFA-4D1E-86DD-26DEE31ED7D9}.Debug|Any CPU.Build.0 = Debug|Any CPU
		{02DEBD04-6DFA-4D1E-86DD-26DEE31ED7D9}.Release|Any CPU.ActiveCfg = Release|Any CPU
		{02DEBD04-6DFA-4D1E-86DD-26DEE31ED7D9}.Release|Any CPU.Build.0 = Release|Any CPU
	EndGlobalSection
	GlobalSection(SolutionProperties) = preSolution
		HideSolutionNode = FALSE
	EndGlobalSection
	GlobalSection(ExtensibilityGlobals) = postSolution
		SolutionGuid = {F3F7719B-EBD7-4A36-874C-DEB9BC2D4672}
	EndGlobalSection
EndGlobal
